
Microsoft Visual Studio Solution File, Format Version 12.00
# Visual Studio Version 16
VisualStudioVersion = 16.0.31829.152
MinimumVisualStudioVersion = 10.0.40219.1
Project("{FAE04EC0-301F-11D3-BF4B-00C04F79EFBC}") = "lb6", "lb6\lb6.csproj", "{DC5AF234-DE0F-405F-84AA-A2380080DAAA}"
EndProject
Global
	GlobalSection(SolutionConfigurationPlatforms) = preSolution
		Debug|Any CPU = Debug|Any CPU
		Release|Any CPU = Release|Any CPU
	EndGlobalSection
	GlobalSection(ProjectConfigurationPlatforms) = postSolution
		{DC5AF234-DE0F-405F-84AA-A2380080DAAA}.Debug|Any CPU.ActiveCfg = Debug|Any CPU
		{DC5AF234-DE0F-405F-84AA-A2380080DAAA}.Debug|Any CPU.Build.0 = Debug|Any CPU
		{DC5AF234-DE0F-405F-84AA-A2380080DAAA}.Release|Any CPU.ActiveCfg = Release|Any CPU
		{DC5AF234-DE0F-405F-84AA-A2380080DAAA}.Release|Any CPU.Build.0 = Release|Any CPU
	EndGlobalSection
	GlobalSection(SolutionProperties) = preSolution
		HideSolutionNode = FALSE
	EndGlobalSection
	GlobalSection(ExtensibilityGlobals) = postSolution
		SolutionGuid = {F75183AA-167F-45AB-966B-B19F54EA477B}
	EndGlobalSection
EndGlobal
